// !$*UTF8*$!
{
	archiveVersion = 1;
	classes = {
	};
	objectVersion = 77;
	objects = {

/* Begin PBXBuildFile section */
		051C9E00ADD329693DE453F0 /* ChatStorageTests.swift in Sources */ = {isa = PBXBuildFile; fileRef = 0878B3A98605D4BDEC699587 /* ChatStorageTests.swift */; };
		0D25B4D5F6465965507D9D6B /* ConversationBanner.swift in Sources */ = {isa = PBXBuildFile; fileRef = A772B8164598C45FFC9648D9 /* ConversationBanner.swift */; };
		16E846ABE7C39A6E39189EFA /* ChatStore.swift in Sources */ = {isa = PBXBuildFile; fileRef = 993DCDDF88FEF91ABE327C1C /* ChatStore.swift */; };
		1A2034768DD4FC1520D08CA4 /* ModelManager.swift in Sources */ = {isa = PBXBuildFile; fileRef = 84EE3E9A6056629418916A27 /* ModelManager.swift */; };
		1DBCCAC18BD92B28AA782135 /* TrainingCameraView.swift in Sources */ = {isa = PBXBuildFile; fileRef = 4DA3AEC2CE6EF8DB65F060EC /* TrainingCameraView.swift */; };
		1FC480EDCD9B7D66AA14C661 /* LeapSDK in Frameworks */ = {isa = PBXBuildFile; productRef = E4F9D45BB1DF427DA74E3E04 /* LeapSDK */; };
		220B6A9AC9AAF85EF9DF0380 /* AudioPlaybackManager.swift in Sources */ = {isa = PBXBuildFile; fileRef = 0C7B76C167EF4958D8DA35E4 /* AudioPlaybackManager.swift */; };
		225F1DA45EA7A6505A504E48 /* KnowledgeGraphManager.swift in Sources */ = {isa = PBXBuildFile; fileRef = 171354B165D3A2E3DC13D0F8 /* KnowledgeGraphManager.swift */; };
		2BBE4F0350365549606C1489 /* ModelsView.swift in Sources */ = {isa = PBXBuildFile; fileRef = F558E3F536D0C9ADD38DACE4 /* ModelsView.swift */; };
		3ABA2372CCFE7E9023AA5BCE /* PromptPresets.swift in Sources */ = {isa = PBXBuildFile; fileRef = 51E505EB05F9EACE06A3D3C2 /* PromptPresets.swift */; };
		3C88F24B77168C2627E8BA27 /* Localization.swift in Sources */ = {isa = PBXBuildFile; fileRef = 20FEC0DD4A6024FCC42FAF7B /* Localization.swift */; };
		3E78A3C67F010FF680B388DA /* ContentView.swift in Sources */ = {isa = PBXBuildFile; fileRef = CCEEC0E25493168C1338526B /* ContentView.swift */; };
		4635020FF16600947B13802C /* AudioRecorder.swift in Sources */ = {isa = PBXBuildFile; fileRef = E9D3B65F4DD881E141C02829 /* AudioRecorder.swift */; };
		54F4BD76F0C8D6175834C0A2 /* TrainedObjectsManager.swift in Sources */ = {isa = PBXBuildFile; fileRef = 30C029C947BAE14106EC57F2 /* TrainedObjectsManager.swift */; };
		592FFF59463121490B0DF591 /* SpeechManager.swift in Sources */ = {isa = PBXBuildFile; fileRef = FAAF72BCDA89DF409CEAFB37 /* SpeechManager.swift */; };
		5B69FF61701D2BF9A8C08879 /* Assets.xcassets in Resources */ = {isa = PBXBuildFile; fileRef = F535D1F03887D1312483C8ED /* Assets.xcassets */; };
		5C377BCD0622DA020E8FE94E /* Models.swift in Sources */ = {isa = PBXBuildFile; fileRef = E20F15652552BF8AC888C972 /* Models.swift */; };
		603DD5CC91E625C7C2065B2E /* CameraPicker.swift in Sources */ = {isa = PBXBuildFile; fileRef = 1DD73FEC565B6E5E0DB36EE4 /* CameraPicker.swift */; };
		6C5CC08B0433FA961FADE3E7 /* EmptyChatView.swift in Sources */ = {isa = PBXBuildFile; fileRef = 15A2F55129813D3BE7737388 /* EmptyChatView.swift */; };
		75BA73F1E5F330BF7154121D /* TypingIndicator.swift in Sources */ = {isa = PBXBuildFile; fileRef = 69FC04211C6B05B6079D97C8 /* TypingIndicator.swift */; };
		76BEB3A71FE9D8D76FB195BD /* ModelsTests.swift in Sources */ = {isa = PBXBuildFile; fileRef = D521148AB7A23CDCFB9B9B8D /* ModelsTests.swift */; };
		7E255EDCFBEDBA7685A98CD1 /* NativeLiquidChatApp.swift in Sources */ = {isa = PBXBuildFile; fileRef = 890C24E5039C187ED13994BA /* NativeLiquidChatApp.swift */; };
		96C994F7E65C4FF95D5E09AC /* ModelCatalog.swift in Sources */ = {isa = PBXBuildFile; fileRef = EB3322B586046C7B93B42359 /* ModelCatalog.swift */; };
		B85690B35EC2BFC602DD2081 /* SpeechRecognizer.swift in Sources */ = {isa = PBXBuildFile; fileRef = EF9196F8EE93E4FE9A194001 /* SpeechRecognizer.swift */; };
		BEC00D3464B79E2650BC7152 /* LeapModelDownloader in Frameworks */ = {isa = PBXBuildFile; productRef = DCF3CAF6641D234A4BF0225F /* LeapModelDownloader */; };
		D3083BE98A2F2BDA4005DB80 /* ChatStoreTests.swift in Sources */ = {isa = PBXBuildFile; fileRef = 19A56CD75751D17343CEC018 /* ChatStoreTests.swift */; };
		D38AF406B3820698E643C475 /* LabView.swift in Sources */ = {isa = PBXBuildFile; fileRef = 15DD8185353ED69EB9F33C82 /* LabView.swift */; };
		D70DB2847C4E55FCBAA218B2 /* KnowledgeGraphView.swift in Sources */ = {isa = PBXBuildFile; fileRef = A6DF8B3584B34B39EE340864 /* KnowledgeGraphView.swift */; };
		DEF3041FF678D6DF30508A01 /* VoicePickerView.swift in Sources */ = {isa = PBXBuildFile; fileRef = 1E3066218725958F09A3B263 /* VoicePickerView.swift */; };
		ECBC2740A54642068AC28B62 /* GPUSimilarityEngine.swift in Sources */ = {isa = PBXBuildFile; fileRef = 4D50613748C8AF0893CBFD17 /* GPUSimilarityEngine.swift */; };
		F1A8D64143E81279725103EC /* VisionProcessor.swift in Sources */ = {isa = PBXBuildFile; fileRef = 8C895E9A62763237D24867D3 /* VisionProcessor.swift */; };
		F7EA8DED2ACC07A2AF145916 /* VectorSearch.metal in Sources */ = {isa = PBXBuildFile; fileRef = BDE2E153EEE1892D2D0A3866 /* VectorSearch.metal */; };
		FC6FF8FF1C761DA4E1C63FA0 /* AppTheme.swift in Sources */ = {isa = PBXBuildFile; fileRef = BC36999EC0C748E6C0D2CD5C /* AppTheme.swift */; };
		FCFEF6D94416C8196134B685 /* AgentVisionView.swift in Sources */ = {isa = PBXBuildFile; fileRef = 84F01864F61776E0889F1905 /* AgentVisionView.swift */; };
/* End PBXBuildFile section */

/* Begin PBXContainerItemProxy section */
		8B9EBE1E5604A5BDF3B28FAB /* PBXContainerItemProxy */ = {
			isa = PBXContainerItemProxy;
			containerPortal = D8A5BA17DEBAB6B65381BD32 /* Project object */;
			proxyType = 1;
			remoteGlobalIDString = 2D087F7ED63C5545B6DC00D8;
			remoteInfo = NativeLiquidChat;
		};
/* End PBXContainerItemProxy section */

/* Begin PBXFileReference section */
		01B274B2CD6315298B8BDBE6 /* NativeLiquidChat.app */ = {isa = PBXFileReference; includeInIndex = 0; lastKnownFileType = wrapper.application; path = NativeLiquidChat.app; sourceTree = BUILT_PRODUCTS_DIR; };
		0878B3A98605D4BDEC699587 /* ChatStorageTests.swift */ = {isa = PBXFileReference; lastKnownFileType = sourcecode.swift; path = ChatStorageTests.swift; sourceTree = "<group>"; };
		0C7B76C167EF4958D8DA35E4 /* AudioPlaybackManager.swift */ = {isa = PBXFileReference; lastKnownFileType = sourcecode.swift; path = AudioPlaybackManager.swift; sourceTree = "<group>"; };
		15A2F55129813D3BE7737388 /* EmptyChatView.swift */ = {isa = PBXFileReference; lastKnownFileType = sourcecode.swift; path = EmptyChatView.swift; sourceTree = "<group>"; };
		15DD8185353ED69EB9F33C82 /* LabView.swift */ = {isa = PBXFileReference; lastKnownFileType = sourcecode.swift; path = LabView.swift; sourceTree = "<group>"; };
		171354B165D3A2E3DC13D0F8 /* KnowledgeGraphManager.swift */ = {isa = PBXFileReference; lastKnownFileType = sourcecode.swift; path = KnowledgeGraphManager.swift; sourceTree = "<group>"; };
		19A56CD75751D17343CEC018 /* ChatStoreTests.swift */ = {isa = PBXFileReference; lastKnownFileType = sourcecode.swift; path = ChatStoreTests.swift; sourceTree = "<group>"; };
		1DD73FEC565B6E5E0DB36EE4 /* CameraPicker.swift */ = {isa = PBXFileReference; lastKnownFileType = sourcecode.swift; path = CameraPicker.swift; sourceTree = "<group>"; };
		1E3066218725958F09A3B263 /* VoicePickerView.swift */ = {isa = PBXFileReference; lastKnownFileType = sourcecode.swift; path = VoicePickerView.swift; sourceTree = "<group>"; };
		20FEC0DD4A6024FCC42FAF7B /* Localization.swift */ = {isa = PBXFileReference; lastKnownFileType = sourcecode.swift; path = Localization.swift; sourceTree = "<group>"; };
		30C029C947BAE14106EC57F2 /* TrainedObjectsManager.swift */ = {isa = PBXFileReference; lastKnownFileType = sourcecode.swift; path = TrainedObjectsManager.swift; sourceTree = "<group>"; };
		4D50613748C8AF0893CBFD17 /* GPUSimilarityEngine.swift */ = {isa = PBXFileReference; lastKnownFileType = sourcecode.swift; path = GPUSimilarityEngine.swift; sourceTree = "<group>"; };
		4DA3AEC2CE6EF8DB65F060EC /* TrainingCameraView.swift */ = {isa = PBXFileReference; lastKnownFileType = sourcecode.swift; path = TrainingCameraView.swift; sourceTree = "<group>"; };
		51E505EB05F9EACE06A3D3C2 /* PromptPresets.swift */ = {isa = PBXFileReference; lastKnownFileType = sourcecode.swift; path = PromptPresets.swift; sourceTree = "<group>"; };
		69FC04211C6B05B6079D97C8 /* TypingIndicator.swift */ = {isa = PBXFileReference; lastKnownFileType = sourcecode.swift; path = TypingIndicator.swift; sourceTree = "<group>"; };
		84EE3E9A6056629418916A27 /* ModelManager.swift */ = {isa = PBXFileReference; lastKnownFileType = sourcecode.swift; path = ModelManager.swift; sourceTree = "<group>"; };
		84F01864F61776E0889F1905 /* AgentVisionView.swift */ = {isa = PBXFileReference; lastKnownFileType = sourcecode.swift; path = AgentVisionView.swift; sourceTree = "<group>"; };
		890C24E5039C187ED13994BA /* NativeLiquidChatApp.swift */ = {isa = PBXFileReference; lastKnownFileType = sourcecode.swift; path = NativeLiquidChatApp.swift; sourceTree = "<group>"; };
		8C895E9A62763237D24867D3 /* VisionProcessor.swift */ = {isa = PBXFileReference; lastKnownFileType = sourcecode.swift; path = VisionProcessor.swift; sourceTree = "<group>"; };
		993DCDDF88FEF91ABE327C1C /* ChatStore.swift */ = {isa = PBXFileReference; lastKnownFileType = sourcecode.swift; path = ChatStore.swift; sourceTree = "<group>"; };
		A6DF8B3584B34B39EE340864 /* KnowledgeGraphView.swift */ = {isa = PBXFileReference; lastKnownFileType = sourcecode.swift; path = KnowledgeGraphView.swift; sourceTree = "<group>"; };
		A772B8164598C45FFC9648D9 /* ConversationBanner.swift */ = {isa = PBXFileReference; lastKnownFileType = sourcecode.swift; path = ConversationBanner.swift; sourceTree = "<group>"; };
		BC36999EC0C748E6C0D2CD5C /* AppTheme.swift */ = {isa = PBXFileReference; lastKnownFileType = sourcecode.swift; path = AppTheme.swift; sourceTree = "<group>"; };
		BDE2E153EEE1892D2D0A3866 /* VectorSearch.metal */ = {isa = PBXFileReference; lastKnownFileType = sourcecode.metal; path = VectorSearch.metal; sourceTree = "<group>"; };
		CCEEC0E25493168C1338526B /* ContentView.swift */ = {isa = PBXFileReference; lastKnownFileType = sourcecode.swift; path = ContentView.swift; sourceTree = "<group>"; };
		D521148AB7A23CDCFB9B9B8D /* ModelsTests.swift */ = {isa = PBXFileReference; lastKnownFileType = sourcecode.swift; path = ModelsTests.swift; sourceTree = "<group>"; };
		D9B3C350605FC09B6F0ED035 /* NativeLiquidChatTests.xctest */ = {isa = PBXFileReference; includeInIndex = 0; lastKnownFileType = wrapper.cfbundle; path = NativeLiquidChatTests.xctest; sourceTree = BUILT_PRODUCTS_DIR; };
		E20F15652552BF8AC888C972 /* Models.swift */ = {isa = PBXFileReference; lastKnownFileType = sourcecode.swift; path = Models.swift; sourceTree = "<group>"; };
		E9D3B65F4DD881E141C02829 /* AudioRecorder.swift */ = {isa = PBXFileReference; lastKnownFileType = sourcecode.swift; path = AudioRecorder.swift; sourceTree = "<group>"; };
		EB3322B586046C7B93B42359 /* ModelCatalog.swift */ = {isa = PBXFileReference; lastKnownFileType = sourcecode.swift; path = ModelCatalog.swift; sourceTree = "<group>"; };
		EF9196F8EE93E4FE9A194001 /* SpeechRecognizer.swift */ = {isa = PBXFileReference; lastKnownFileType = sourcecode.swift; path = SpeechRecognizer.swift; sourceTree = "<group>"; };
		F535D1F03887D1312483C8ED /* Assets.xcassets */ = {isa = PBXFileReference; lastKnownFileType = folder.assetcatalog; path = Assets.xcassets; sourceTree = "<group>"; };
		F558E3F536D0C9ADD38DACE4 /* ModelsView.swift */ = {isa = PBXFileReference; lastKnownFileType = sourcecode.swift; path = ModelsView.swift; sourceTree = "<group>"; };
		FAAF72BCDA89DF409CEAFB37 /* SpeechManager.swift */ = {isa = PBXFileReference; lastKnownFileType = sourcecode.swift; path = SpeechManager.swift; sourceTree = "<group>"; };
/* End PBXFileReference section */

/* Begin PBXFrameworksBuildPhase section */
		2DF4D88C64054725BEB66728 /* Frameworks */ = {
			isa = PBXFrameworksBuildPhase;
			buildActionMask = 2147483647;
			files = (
				1FC480EDCD9B7D66AA14C661 /* LeapSDK in Frameworks */,
				BEC00D3464B79E2650BC7152 /* LeapModelDownloader in Frameworks */,
			);
			runOnlyForDeploymentPostprocessing = 0;
		};
/* End PBXFrameworksBuildPhase section */

/* Begin PBXGroup section */
		7835BE6507B65EEC2986D007 /* Products */ = {
			isa = PBXGroup;
			children = (
				01B274B2CD6315298B8BDBE6 /* NativeLiquidChat.app */,
				D9B3C350605FC09B6F0ED035 /* NativeLiquidChatTests.xctest */,
			);
			name = Products;
			sourceTree = "<group>";
		};
		8F808B4C9FF93DBAB4D48E58 /* Sources */ = {
			isa = PBXGroup;
			children = (
				84F01864F61776E0889F1905 /* AgentVisionView.swift */,
				BC36999EC0C748E6C0D2CD5C /* AppTheme.swift */,
				F535D1F03887D1312483C8ED /* Assets.xcassets */,
				0C7B76C167EF4958D8DA35E4 /* AudioPlaybackManager.swift */,
				E9D3B65F4DD881E141C02829 /* AudioRecorder.swift */,
				1DD73FEC565B6E5E0DB36EE4 /* CameraPicker.swift */,
				993DCDDF88FEF91ABE327C1C /* ChatStore.swift */,
				CCEEC0E25493168C1338526B /* ContentView.swift */,
				A772B8164598C45FFC9648D9 /* ConversationBanner.swift */,
				15A2F55129813D3BE7737388 /* EmptyChatView.swift */,
				4D50613748C8AF0893CBFD17 /* GPUSimilarityEngine.swift */,
				171354B165D3A2E3DC13D0F8 /* KnowledgeGraphManager.swift */,
				A6DF8B3584B34B39EE340864 /* KnowledgeGraphView.swift */,
				15DD8185353ED69EB9F33C82 /* LabView.swift */,
				20FEC0DD4A6024FCC42FAF7B /* Localization.swift */,
				EB3322B586046C7B93B42359 /* ModelCatalog.swift */,
				84EE3E9A6056629418916A27 /* ModelManager.swift */,
				E20F15652552BF8AC888C972 /* Models.swift */,
				F558E3F536D0C9ADD38DACE4 /* ModelsView.swift */,
				890C24E5039C187ED13994BA /* NativeLiquidChatApp.swift */,
				51E505EB05F9EACE06A3D3C2 /* PromptPresets.swift */,
				FAAF72BCDA89DF409CEAFB37 /* SpeechManager.swift */,
				EF9196F8EE93E4FE9A194001 /* SpeechRecognizer.swift */,
				30C029C947BAE14106EC57F2 /* TrainedObjectsManager.swift */,
				4DA3AEC2CE6EF8DB65F060EC /* TrainingCameraView.swift */,
				69FC04211C6B05B6079D97C8 /* TypingIndicator.swift */,
				BDE2E153EEE1892D2D0A3866 /* VectorSearch.metal */,
				8C895E9A62763237D24867D3 /* VisionProcessor.swift */,
				1E3066218725958F09A3B263 /* VoicePickerView.swift */,
			);
			path = Sources;
			sourceTree = "<group>";
		};
		923B441F90061BC624BAE87D /* Tests */ = {
			isa = PBXGroup;
			children = (
				0878B3A98605D4BDEC699587 /* ChatStorageTests.swift */,
				19A56CD75751D17343CEC018 /* ChatStoreTests.swift */,
				D521148AB7A23CDCFB9B9B8D /* ModelsTests.swift */,
			);
			path = Tests;
			sourceTree = "<group>";
		};
		C9125EE81014ABD4EB8B3B36 = {
			isa = PBXGroup;
			children = (
				8F808B4C9FF93DBAB4D48E58 /* Sources */,
				923B441F90061BC624BAE87D /* Tests */,
				7835BE6507B65EEC2986D007 /* Products */,
			);
			sourceTree = "<group>";
		};
/* End PBXGroup section */

/* Begin PBXNativeTarget section */
		2D087F7ED63C5545B6DC00D8 /* NativeLiquidChat */ = {
			isa = PBXNativeTarget;
			buildConfigurationList = FB8B438D342B3CAD1621A784 /* Build configuration list for PBXNativeTarget "NativeLiquidChat" */;
			buildPhases = (
				BE248C754EF8B63F2D79E6B0 /* Sources */,
				B1F3D3683D6601EAD81E3B41 /* Resources */,
				2DF4D88C64054725BEB66728 /* Frameworks */,
				BEEE4A815686137B7E2950CA /* Sign nested LeapSDK dylibs */,
			);
			buildRules = (
			);
			dependencies = (
			);
			name = NativeLiquidChat;
			packageProductDependencies = (
				E4F9D45BB1DF427DA74E3E04 /* LeapSDK */,
				DCF3CAF6641D234A4BF0225F /* LeapModelDownloader */,
			);
			productName = NativeLiquidChat;
			productReference = 01B274B2CD6315298B8BDBE6 /* NativeLiquidChat.app */;
			productType = "com.apple.product-type.application";
		};
		A323C775B8192F59EE399DCE /* NativeLiquidChatTests */ = {
			isa = PBXNativeTarget;
			buildConfigurationList = C2C4BC5079A6A5DD905766FA /* Build configuration list for PBXNativeTarget "NativeLiquidChatTests" */;
			buildPhases = (
				C7E8FD7C1A7B3C88F0A7E63E /* Sources */,
			);
			buildRules = (
			);
			dependencies = (
				EEA9D28CF8AA1724DB6FB7D3 /* PBXTargetDependency */,
			);
			name = NativeLiquidChatTests;
			packageProductDependencies = (
			);
			productName = NativeLiquidChatTests;
			productReference = D9B3C350605FC09B6F0ED035 /* NativeLiquidChatTests.xctest */;
			productType = "com.apple.product-type.bundle.unit-test";
		};
/* End PBXNativeTarget section */

/* Begin PBXProject section */
		D8A5BA17DEBAB6B65381BD32 /* Project object */ = {
			isa = PBXProject;
			attributes = {
				BuildIndependentTargetsInParallel = YES;
				LastUpgradeCheck = 1430;
				TargetAttributes = {
					2D087F7ED63C5545B6DC00D8 = {
						DevelopmentTeam = Q4MWQ3X44V;
						ProvisioningStyle = Automatic;
					};
					A323C775B8192F59EE399DCE = {
						DevelopmentTeam = Q4MWQ3X44V;
						ProvisioningStyle = Automatic;
					};
				};
			};
			buildConfigurationList = 9807AFD1D61B7A473BCC78A3 /* Build configuration list for PBXProject "NativeLiquidChat" */;
			developmentRegion = en;
			hasScannedForEncodings = 0;
			knownRegions = (
				Base,
				en,
			);
			mainGroup = C9125EE81014ABD4EB8B3B36;
			minimizedProjectReferenceProxies = 1;
			packageReferences = (
				A775239C9FA272ABC0DD72B7 /* XCRemoteSwiftPackageReference "leap-sdk" */,
			);
			preferredProjectObjectVersion = 77;
			productRefGroup = 7835BE6507B65EEC2986D007 /* Products */;
			projectDirPath = "";
			projectRoot = "";
			targets = (
				2D087F7ED63C5545B6DC00D8 /* NativeLiquidChat */,
				A323C775B8192F59EE399DCE /* NativeLiquidChatTests */,
			);
		};
/* End PBXProject section */

/* Begin PBXResourcesBuildPhase section */
		B1F3D3683D6601EAD81E3B41 /* Resources */ = {
			isa = PBXResourcesBuildPhase;
			buildActionMask = 2147483647;
			files = (
				5B69FF61701D2BF9A8C08879 /* Assets.xcassets in Resources */,
			);
			runOnlyForDeploymentPostprocessing = 0;
		};
/* End PBXResourcesBuildPhase section */

/* Begin PBXShellScriptBuildPhase section */
		BEEE4A815686137B7E2950CA /* Sign nested LeapSDK dylibs */ = {
			isa = PBXShellScriptBuildPhase;
			alwaysOutOfDate = 1;
			buildActionMask = 2147483647;
			files = (
			);
			inputFileListPaths = (
			);
			inputPaths = (
			);
			name = "Sign nested LeapSDK dylibs";
			outputFileListPaths = (
			);
			outputPaths = (
			);
			runOnlyForDeploymentPostprocessing = 0;
			shellPath = /bin/sh;
			shellScript = "set -e\nFRAMEWORKS_DIR=\"${BUILT_PRODUCTS_DIR}/${CONTENTS_FOLDER_PATH}/Frameworks\"\n[ -d \"$FRAMEWORKS_DIR\" ] || exit 0\n[ \"$CODE_SIGNING_ALLOWED\" = \"YES\" ] || exit 0\nfind \"$FRAMEWORKS_DIR\" -name \"*.dylib\" | while read dylib; do\n  codesign --force --sign \"$EXPANDED_CODE_SIGN_IDENTITY\" --timestamp=none \"$dylib\"\ndone\n";
		};
/* End PBXShellScriptBuildPhase section */

/* Begin PBXSourcesBuildPhase section */
		BE248C754EF8B63F2D79E6B0 /* Sources */ = {
			isa = PBXSourcesBuildPhase;
			buildActionMask = 2147483647;
			files = (
				FCFEF6D94416C8196134B685 /* AgentVisionView.swift in Sources */,
				FC6FF8FF1C761DA4E1C63FA0 /* AppTheme.swift in Sources */,
				220B6A9AC9AAF85EF9DF0380 /* AudioPlaybackManager.swift in Sources */,
				4635020FF16600947B13802C /* AudioRecorder.swift in Sources */,
				603DD5CC91E625C7C2065B2E /* CameraPicker.swift in Sources */,
				16E846ABE7C39A6E39189EFA /* ChatStore.swift in Sources */,
				3E78A3C67F010FF680B388DA /* ContentView.swift in Sources */,
				0D25B4D5F6465965507D9D6B /* ConversationBanner.swift in Sources */,
				6C5CC08B0433FA961FADE3E7 /* EmptyChatView.swift in Sources */,
				ECBC2740A54642068AC28B62 /* GPUSimilarityEngine.swift in Sources */,
				225F1DA45EA7A6505A504E48 /* KnowledgeGraphManager.swift in Sources */,
				D70DB2847C4E55FCBAA218B2 /* KnowledgeGraphView.swift in Sources */,
				D38AF406B3820698E643C475 /* LabView.swift in Sources */,
				3C88F24B77168C2627E8BA27 /* Localization.swift in Sources */,
				96C994F7E65C4FF95D5E09AC /* ModelCatalog.swift in Sources */,
				1A2034768DD4FC1520D08CA4 /* ModelManager.swift in Sources */,
				5C377BCD0622DA020E8FE94E /* Models.swift in Sources */,
				2BBE4F0350365549606C1489 /* ModelsView.swift in Sources */,
				7E255EDCFBEDBA7685A98CD1 /* NativeLiquidChatApp.swift in Sources */,
				3ABA2372CCFE7E9023AA5BCE /* PromptPresets.swift in Sources */,
				592FFF59463121490B0DF591 /* SpeechManager.swift in Sources */,
				B85690B35EC2BFC602DD2081 /* SpeechRecognizer.swift in Sources */,
				54F4BD76F0C8D6175834C0A2 /* TrainedObjectsManager.swift in Sources */,
				1DBCCAC18BD92B28AA782135 /* TrainingCameraView.swift in Sources */,
				75BA73F1E5F330BF7154121D /* TypingIndicator.swift in Sources */,
				F7EA8DED2ACC07A2AF145916 /* VectorSearch.metal in Sources */,
				F1A8D64143E81279725103EC /* VisionProcessor.swift in Sources */,
				DEF3041FF678D6DF30508A01 /* VoicePickerView.swift in Sources */,
			);
			runOnlyForDeploymentPostprocessing = 0;
		};
		C7E8FD7C1A7B3C88F0A7E63E /* Sources */ = {
			isa = PBXSourcesBuildPhase;
			buildActionMask = 2147483647;
			files = (
				051C9E00ADD329693DE453F0 /* ChatStorageTests.swift in Sources */,
				D3083BE98A2F2BDA4005DB80 /* ChatStoreTests.swift in Sources */,
				76BEB3A71FE9D8D76FB195BD /* ModelsTests.swift in Sources */,
			);
			runOnlyForDeploymentPostprocessing = 0;
		};
/* End PBXSourcesBuildPhase section */

/* Begin PBXTargetDependency section */
		EEA9D28CF8AA1724DB6FB7D3 /* PBXTargetDependency */ = {
			isa = PBXTargetDependency;
			target = 2D087F7ED63C5545B6DC00D8 /* NativeLiquidChat */;
			targetProxy = 8B9EBE1E5604A5BDF3B28FAB /* PBXContainerItemProxy */;
		};
/* End PBXTargetDependency section */

/* Begin XCBuildConfiguration section */
		1D1038613FC3407C15340B6E /* Debug */ = {
			isa = XCBuildConfiguration;
			buildSettings = {
				ASSETCATALOG_COMPILER_APPICON_NAME = AppIcon;
				CODE_SIGN_IDENTITY = "iPhone Developer";
				CODE_SIGN_STYLE = Automatic;
				DEVELOPMENT_TEAM = Q4MWQ3X44V;
				ENABLE_USER_SCRIPT_SANDBOXING = NO;
				GCC_PREPROCESSOR_DEFINITIONS = "$(inherited) LEAP_DUAL_IMPORT_ALLOW=1";
				GENERATE_INFOPLIST_FILE = YES;
				INFOPLIST_KEY_NSCameraUsageDescription = "We need access to your camera to capture images for the visual model.";
				INFOPLIST_KEY_NSMicrophoneUsageDescription = "We need access to your microphone to capture audio prompts.";
				INFOPLIST_KEY_NSPhotoLibraryUsageDescription = "We need access to your photo library to select images for the visual model.";
				INFOPLIST_KEY_NSSpeechRecognitionUsageDescription = "Speech recognition runs on-device to turn your voice into text for hands-free conversation.";
				INFOPLIST_KEY_UIApplicationSceneManifest_Generation = YES;
				INFOPLIST_KEY_UILaunchScreen_Generation = YES;
				LD_RUNPATH_SEARCH_PATHS = "$(inherited) @executable_path/Frameworks @executable_path/Frameworks/LeapSDK.framework/Frameworks @executable_path/Frameworks/LeapModelDownloader.framework/Frameworks";
				OTHER_LDFLAGS = "$(inherited) -ObjC -L$(BUILT_PRODUCTS_DIR)/LeapSDK.framework/Frameworks -L$(BUILT_PRODUCTS_DIR)/LeapModelDownloader.framework/Frameworks -linference_engine -linference_engine_llamacpp_backend";
				OTHER_SWIFT_FLAGS = "$(inherited) -DLEAP_DUAL_IMPORT_ALLOW";
				PRODUCT_BUNDLE_IDENTIFIER = com.dimatrubnikov.NativeLiquidChat;
				SDKROOT = iphoneos;
				SWIFT_VERSION = 5.9;
				TARGETED_DEVICE_FAMILY = "1,2";
			};
			name = Debug;
		};
		43E25C615E081FF3E5918E5C /* Release */ = {
			isa = XCBuildConfiguration;
			buildSettings = {
				BUNDLE_LOADER = "$(TEST_HOST)";
				CODE_SIGN_STYLE = Automatic;
				DEVELOPMENT_TEAM = Q4MWQ3X44V;
				GCC_PREPROCESSOR_DEFINITIONS = "$(inherited) LEAP_DUAL_IMPORT_ALLOW=1";
				GENERATE_INFOPLIST_FILE = YES;
				LD_RUNPATH_SEARCH_PATHS = (
					"$(inherited)",
					"@executable_path/Frameworks",
					"@loader_path/Frameworks",
				);
				OTHER_SWIFT_FLAGS = "$(inherited) -DLEAP_DUAL_IMPORT_ALLOW";
				PRODUCT_BUNDLE_IDENTIFIER = com.dimatrubnikov.NativeLiquidChatTests;
				SDKROOT = iphoneos;
				SWIFT_VERSION = 5.9;
				TARGETED_DEVICE_FAMILY = "1,2";
				TEST_HOST = "$(BUILT_PRODUCTS_DIR)/NativeLiquidChat.app/NativeLiquidChat";
			};
			name = Release;
		};
		850C236E94BB6AB9C5302096 /* Release */ = {
			isa = XCBuildConfiguration;
			buildSettings = {
				ALWAYS_SEARCH_USER_PATHS = NO;
				CLANG_ANALYZER_NONNULL = YES;
				CLANG_ANALYZER_NUMBER_OBJECT_CONVERSION = YES_AGGRESSIVE;
				CLANG_CXX_LANGUAGE_STANDARD = "gnu++14";
				CLANG_CXX_LIBRARY = "libc++";
				CLANG_ENABLE_MODULES = YES;
				CLANG_ENABLE_OBJC_ARC = YES;
				CLANG_ENABLE_OBJC_WEAK = YES;
				CLANG_WARN_BLOCK_CAPTURE_AUTORELEASING = YES;
				CLANG_WARN_BOOL_CONVERSION = YES;
				CLANG_WARN_COMMA = YES;
				CLANG_WARN_CONSTANT_CONVERSION = YES;
				CLANG_WARN_DEPRECATED_OBJC_IMPLEMENTATIONS = YES;
				CLANG_WARN_DIRECT_OBJC_ISA_USAGE = YES_ERROR;
				CLANG_WARN_DOCUMENTATION_COMMENTS = YES;
				CLANG_WARN_EMPTY_BODY = YES;
				CLANG_WARN_ENUM_CONVERSION = YES;
				CLANG_WARN_INFINITE_RECURSION = YES;
				CLANG_WARN_INT_CONVERSION = YES;
				CLANG_WARN_NON_LITERAL_NULL_CONVERSION = YES;
				CLANG_WARN_OBJC_IMPLICIT_RETAIN_SELF = YES;
				CLANG_WARN_OBJC_LITERAL_CONVERSION = YES;
				CLANG_WARN_OBJC_ROOT_CLASS = YES_ERROR;
				CLANG_WARN_QUOTED_INCLUDE_IN_FRAMEWORK_HEADER = YES;
				CLANG_WARN_RANGE_LOOP_ANALYSIS = YES;
				CLANG_WARN_STRICT_PROTOTYPES = YES;
				CLANG_WARN_SUSPICIOUS_MOVE = YES;
				CLANG_WARN_UNGUARDED_AVAILABILITY = YES_AGGRESSIVE;
				CLANG_WARN_UNREACHABLE_CODE = YES;
				CLANG_WARN__DUPLICATE_METHOD_MATCH = YES;
				COPY_PHASE_STRIP = NO;
				DEBUG_INFORMATION_FORMAT = "dwarf-with-dsym";
				ENABLE_NS_ASSERTIONS = NO;
				ENABLE_STRICT_OBJC_MSGSEND = YES;
				GCC_C_LANGUAGE_STANDARD = gnu11;
				GCC_NO_COMMON_BLOCKS = YES;
				GCC_WARN_64_TO_32_BIT_CONVERSION = YES;
				GCC_WARN_ABOUT_RETURN_TYPE = YES_ERROR;
				GCC_WARN_UNDECLARED_SELECTOR = YES;
				GCC_WARN_UNINITIALIZED_AUTOS = YES_AGGRESSIVE;
				GCC_WARN_UNUSED_FUNCTION = YES;
				GCC_WARN_UNUSED_VARIABLE = YES;
				IPHONEOS_DEPLOYMENT_TARGET = 18.0;
				MTL_ENABLE_DEBUG_INFO = NO;
				MTL_FAST_MATH = YES;
				PRODUCT_NAME = "$(TARGET_NAME)";
				SDKROOT = iphoneos;
				SWIFT_COMPILATION_MODE = wholemodule;
				SWIFT_OPTIMIZATION_LEVEL = "-O";
				SWIFT_VERSION = 5.0;
			};
			name = Release;
		};
		B7AE00E2E721198C01E45096 /* Release */ = {
			isa = XCBuildConfiguration;
			buildSettings = {
				ASSETCATALOG_COMPILER_APPICON_NAME = AppIcon;
				CODE_SIGN_IDENTITY = "iPhone Developer";
				CODE_SIGN_STYLE = Automatic;
				DEVELOPMENT_TEAM = Q4MWQ3X44V;
				ENABLE_USER_SCRIPT_SANDBOXING = NO;
				GCC_PREPROCESSOR_DEFINITIONS = "$(inherited) LEAP_DUAL_IMPORT_ALLOW=1";
				GENERATE_INFOPLIST_FILE = YES;
				INFOPLIST_KEY_NSCameraUsageDescription = "We need access to your camera to capture images for the visual model.";
				INFOPLIST_KEY_NSMicrophoneUsageDescription = "We need access to your microphone to capture audio prompts.";
				INFOPLIST_KEY_NSPhotoLibraryUsageDescription = "We need access to your photo library to select images for the visual model.";
				INFOPLIST_KEY_NSSpeechRecognitionUsageDescription = "Speech recognition runs on-device to turn your voice into text for hands-free conversation.";
				INFOPLIST_KEY_UIApplicationSceneManifest_Generation = YES;
				INFOPLIST_KEY_UILaunchScreen_Generation = YES;
				LD_RUNPATH_SEARCH_PATHS = "$(inherited) @executable_path/Frameworks @executable_path/Frameworks/LeapSDK.framework/Frameworks @executable_path/Frameworks/LeapModelDownloader.framework/Frameworks";
				OTHER_LDFLAGS = "$(inherited) -ObjC -L$(BUILT_PRODUCTS_DIR)/LeapSDK.framework/Frameworks -L$(BUILT_PRODUCTS_DIR)/LeapModelDownloader.framework/Frameworks -linference_engine -linference_engine_llamacpp_backend";
				OTHER_SWIFT_FLAGS = "$(inherited) -DLEAP_DUAL_IMPORT_ALLOW";
				PRODUCT_BUNDLE_IDENTIFIER = com.dimatrubnikov.NativeLiquidChat;
				SDKROOT = iphoneos;
				SWIFT_VERSION = 5.9;
				TARGETED_DEVICE_FAMILY = "1,2";
			};
			name = Release;
		};
		B9B8AB3990830F185FBF4B8C /* Debug */ = {
			isa = XCBuildConfiguration;
			buildSettings = {
				BUNDLE_LOADER = "$(TEST_HOST)";
				CODE_SIGN_STYLE = Automatic;
				DEVELOPMENT_TEAM = Q4MWQ3X44V;
				GCC_PREPROCESSOR_DEFINITIONS = "$(inherited) LEAP_DUAL_IMPORT_ALLOW=1";
				GENERATE_INFOPLIST_FILE = YES;
				LD_RUNPATH_SEARCH_PATHS = (
					"$(inherited)",
					"@executable_path/Frameworks",
					"@loader_path/Frameworks",
				);
				OTHER_SWIFT_FLAGS = "$(inherited) -DLEAP_DUAL_IMPORT_ALLOW";
				PRODUCT_BUNDLE_IDENTIFIER = com.dimatrubnikov.NativeLiquidChatTests;
				SDKROOT = iphoneos;
				SWIFT_VERSION = 5.9;
				TARGETED_DEVICE_FAMILY = "1,2";
				TEST_HOST = "$(BUILT_PRODUCTS_DIR)/NativeLiquidChat.app/NativeLiquidChat";
			};
			name = Debug;
		};
		BB982EDC44664F7D25393BA7 /* Debug */ = {
			isa = XCBuildConfiguration;
			buildSettings = {
				ALWAYS_SEARCH_USER_PATHS = NO;
				CLANG_ANALYZER_NONNULL = YES;
				CLANG_ANALYZER_NUMBER_OBJECT_CONVERSION = YES_AGGRESSIVE;
				CLANG_CXX_LANGUAGE_STANDARD = "gnu++14";
				CLANG_CXX_LIBRARY = "libc++";
				CLANG_ENABLE_MODULES = YES;
				CLANG_ENABLE_OBJC_ARC = YES;
				CLANG_ENABLE_OBJC_WEAK = YES;
				CLANG_WARN_BLOCK_CAPTURE_AUTORELEASING = YES;
				CLANG_WARN_BOOL_CONVERSION = YES;
				CLANG_WARN_COMMA = YES;
				CLANG_WARN_CONSTANT_CONVERSION = YES;
				CLANG_WARN_DEPRECATED_OBJC_IMPLEMENTATIONS = YES;
				CLANG_WARN_DIRECT_OBJC_ISA_USAGE = YES_ERROR;
				CLANG_WARN_DOCUMENTATION_COMMENTS = YES;
				CLANG_WARN_EMPTY_BODY = YES;
				CLANG_WARN_ENUM_CONVERSION = YES;
				CLANG_WARN_INFINITE_RECURSION = YES;
				CLANG_WARN_INT_CONVERSION = YES;
				CLANG_WARN_NON_LITERAL_NULL_CONVERSION = YES;
				CLANG_WARN_OBJC_IMPLICIT_RETAIN_SELF = YES;
				CLANG_WARN_OBJC_LITERAL_CONVERSION = YES;
				CLANG_WARN_OBJC_ROOT_CLASS = YES_ERROR;
				CLANG_WARN_QUOTED_INCLUDE_IN_FRAMEWORK_HEADER = YES;
				CLANG_WARN_RANGE_LOOP_ANALYSIS = YES;
				CLANG_WARN_STRICT_PROTOTYPES = YES;
				CLANG_WARN_SUSPICIOUS_MOVE = YES;
				CLANG_WARN_UNGUARDED_AVAILABILITY = YES_AGGRESSIVE;
				CLANG_WARN_UNREACHABLE_CODE = YES;
				CLANG_WARN__DUPLICATE_METHOD_MATCH = YES;
				COPY_PHASE_STRIP = NO;
				DEBUG_INFORMATION_FORMAT = dwarf;
				ENABLE_STRICT_OBJC_MSGSEND = YES;
				ENABLE_TESTABILITY = YES;
				GCC_C_LANGUAGE_STANDARD = gnu11;
				GCC_DYNAMIC_NO_PIC = NO;
				GCC_NO_COMMON_BLOCKS = YES;
				GCC_OPTIMIZATION_LEVEL = 0;
				GCC_PREPROCESSOR_DEFINITIONS = (
					"$(inherited)",
					"DEBUG=1",
				);
				GCC_WARN_64_TO_32_BIT_CONVERSION = YES;
				GCC_WARN_ABOUT_RETURN_TYPE = YES_ERROR;
				GCC_WARN_UNDECLARED_SELECTOR = YES;
				GCC_WARN_UNINITIALIZED_AUTOS = YES_AGGRESSIVE;
				GCC_WARN_UNUSED_FUNCTION = YES;
				GCC_WARN_UNUSED_VARIABLE = YES;
				IPHONEOS_DEPLOYMENT_TARGET = 18.0;
				MTL_ENABLE_DEBUG_INFO = INCLUDE_SOURCE;
				MTL_FAST_MATH = YES;
				ONLY_ACTIVE_ARCH = YES;
				PRODUCT_NAME = "$(TARGET_NAME)";
				SDKROOT = iphoneos;
				SWIFT_ACTIVE_COMPILATION_CONDITIONS = DEBUG;
				SWIFT_OPTIMIZATION_LEVEL = "-Onone";
				SWIFT_VERSION = 5.0;
			};
			name = Debug;
		};
/* End XCBuildConfiguration section */

/* Begin XCConfigurationList section */
		9807AFD1D61B7A473BCC78A3 /* Build configuration list for PBXProject "NativeLiquidChat" */ = {
			isa = XCConfigurationList;
			buildConfigurations = (
				BB982EDC44664F7D25393BA7 /* Debug */,
				850C236E94BB6AB9C5302096 /* Release */,
			);
			defaultConfigurationIsVisible = 0;
			defaultConfigurationName = Debug;
		};
		C2C4BC5079A6A5DD905766FA /* Build configuration list for PBXNativeTarget "NativeLiquidChatTests" */ = {
			isa = XCConfigurationList;
			buildConfigurations = (
				B9B8AB3990830F185FBF4B8C /* Debug */,
				43E25C615E081FF3E5918E5C /* Release */,
			);
			defaultConfigurationIsVisible = 0;
			defaultConfigurationName = Debug;
		};
		FB8B438D342B3CAD1621A784 /* Build configuration list for PBXNativeTarget "NativeLiquidChat" */ = {
			isa = XCConfigurationList;
			buildConfigurations = (
				1D1038613FC3407C15340B6E /* Debug */,
				B7AE00E2E721198C01E45096 /* Release */,
			);
			defaultConfigurationIsVisible = 0;
			defaultConfigurationName = Debug;
		};
/* End XCConfigurationList section */

/* Begin XCRemoteSwiftPackageReference section */
		A775239C9FA272ABC0DD72B7 /* XCRemoteSwiftPackageReference "leap-sdk" */ = {
			isa = XCRemoteSwiftPackageReference;
			repositoryURL = "https://github.com/Liquid4All/leap-sdk";
			requirement = {
				kind = upToNextMajorVersion;
				minimumVersion = 0.10.0;
			};
		};
/* End XCRemoteSwiftPackageReference section */

/* Begin XCSwiftPackageProductDependency section */
		DCF3CAF6641D234A4BF0225F /* LeapModelDownloader */ = {
			isa = XCSwiftPackageProductDependency;
			package = A775239C9FA272ABC0DD72B7 /* XCRemoteSwiftPackageReference "leap-sdk" */;
			productName = LeapModelDownloader;
		};
		E4F9D45BB1DF427DA74E3E04 /* LeapSDK */ = {
			isa = XCSwiftPackageProductDependency;
			package = A775239C9FA272ABC0DD72B7 /* XCRemoteSwiftPackageReference "leap-sdk" */;
			productName = LeapSDK;
		};
/* End XCSwiftPackageProductDependency section */
	};
	rootObject = D8A5BA17DEBAB6B65381BD32 /* Project object */;
}
