{
  "originHash" : "a614cd71eef897fe5a27423c5be34becf5a4d21899e1d21427d3e916ad907922",
  "pins" : [
    {
      "identity" : "leap-ios",
      "kind" : "remoteSourceControl",
      "location" : "https://github.com/Liquid4All/leap-ios",
      "state" : {
        "revision" : "72afe9bf4c2fae086fbced3b05995edaad2c6bf2",
        "version" : "0.9.4"
      }
    },
    {
      "identity" : "swift-syntax",
      "kind" : "remoteSourceControl",
      "location" : "https://github.com/swiftlang/swift-syntax.git",
      "state" : {
        "revision" : "0687f71944021d616d34d922343dcef086855920",
        "version" : "600.0.1"
      }
    }
  ],
  "version" : 3
}
